
Microsoft Visual Studio Solution File, Format Version 12.00
# Visual Studio 15
VisualStudioVersion = 15.0.27130.0
MinimumVisualStudioVersion = 15.0.26124.0
Project("{9A19103F-16F7-4668-BE54-9A1E7A4F7556}") = "Ei.Core.Net", "Ei.Core\Ei.Core.Net.csproj", "{B656DCF1-AA9D-4E49-9355-B426920A6607}"
EndProject
Project("{9A19103F-16F7-4668-BE54-9A1E7A4F7556}") = "Ei.Logs.Net", "Ei.Logs\Ei.Logs.Net.csproj", "{70624AF1-A5B0-43A2-896C-42CDCAF11F00}"
EndProject
Project("{9A19103F-16F7-4668-BE54-9A1E7A4F7556}") = "Ei.Persistence.Net", "Ei.Persistence\Ei.Persistence.Net.csproj", "{1C6E4C7C-7D52-433C-B424-C27B630EBB55}"
EndProject
Project("{2150E333-8FDC-42A3-9474-1A3956D46DE8}") = "Simulator.Net", "Simulator.Net", "{7922E4F5-F899-436A-BF12-11CDC8F89444}"
EndProject
Project("{9A19103F-16F7-4668-BE54-9A1E7A4F7556}") = "Ei.Agents", "Simulator.Net\Ei.Agents\Ei.Agents.csproj", "{B9A7154D-6172-4C36-B4C5-D58BF03C8A51}"
EndProject
Project("{FAE04EC0-301F-11D3-BF4B-00C04F79EFBC}") = "Ei.Custom.Institutions", "Simulator.Net\Ei.Custom.Institutions\Ei.Custom.Institutions.csproj", "{87E9FC9E-C969-4922-8222-D3D05A9D0A41}"
EndProject
Project("{9A19103F-16F7-4668-BE54-9A1E7A4F7556}") = "Ei.Unity", "Simulator.Net\Ei.Unity\Ei.Unity.csproj", "{368E3361-92C5-4937-B3E0-BA8E5F315E44}"
EndProject
Project("{FAE04EC0-301F-11D3-BF4B-00C04F79EFBC}") = "Vittoria", "Simulator.Net\Vittoria\Vittoria.csproj", "{B588B32F-12E3-4760-BE19-077836C928BA}"
EndProject
Project("{FAE04EC0-301F-11D3-BF4B-00C04F79EFBC}") = "Xceed.Wpf.Toolkit", "Simulator.Net\Xceed.Wpf.Toolkit\Xceed.Wpf.Toolkit.csproj", "{72E591D6-8F83-4D8C-8F67-9C325E623234}"
EndProject
Global
	GlobalSection(SolutionConfigurationPlatforms) = preSolution
		Debug|Any CPU = Debug|Any CPU
		Debug|x64 = Debug|x64
		Debug|x86 = Debug|x86
		Release|Any CPU = Release|Any CPU
		Release|x64 = Release|x64
		Release|x86 = Release|x86
	EndGlobalSection
	GlobalSection(ProjectConfigurationPlatforms) = postSolution
		{B656DCF1-AA9D-4E49-9355-B426920A6607}.Debug|Any CPU.ActiveCfg = Debug|Any CPU
		{B656DCF1-AA9D-4E49-9355-B426920A6607}.Debug|Any CPU.Build.0 = Debug|Any CPU
		{B656DCF1-AA9D-4E49-9355-B426920A6607}.Debug|x64.ActiveCfg = Debug|Any CPU
		{B656DCF1-AA9D-4E49-9355-B426920A6607}.Debug|x64.Build.0 = Debug|Any CPU
		{B656DCF1-AA9D-4E49-9355-B426920A6607}.Debug|x86.ActiveCfg = Debug|Any CPU
		{B656DCF1-AA9D-4E49-9355-B426920A6607}.Debug|x86.Build.0 = Debug|Any CPU
		{B656DCF1-AA9D-4E49-9355-B426920A6607}.Release|Any CPU.ActiveCfg = Release|Any CPU
		{B656DCF1-AA9D-4E49-9355-B426920A6607}.Release|Any CPU.Build.0 = Release|Any CPU
		{B656DCF1-AA9D-4E49-9355-B426920A6607}.Release|x64.ActiveCfg = Release|Any CPU
		{B656DCF1-AA9D-4E49-9355-B426920A6607}.Release|x64.Build.0 = Release|Any CPU
		{B656DCF1-AA9D-4E49-9355-B426920A6607}.Release|x86.ActiveCfg = Release|Any CPU
		{B656DCF1-AA9D-4E49-9355-B426920A6607}.Release|x86.Build.0 = Release|Any CPU
		{70624AF1-A5B0-43A2-896C-42CDCAF11F00}.Debug|Any CPU.ActiveCfg = Debug|Any CPU
		{70624AF1-A5B0-43A2-896C-42CDCAF11F00}.Debug|Any CPU.Build.0 = Debug|Any CPU
		{70624AF1-A5B0-43A2-896C-42CDCAF11F00}.Debug|x64.ActiveCfg = Debug|Any CPU
		{70624AF1-A5B0-43A2-896C-42CDCAF11F00}.Debug|x64.Build.0 = Debug|Any CPU
		{70624AF1-A5B0-43A2-896C-42CDCAF11F00}.Debug|x86.ActiveCfg = Debug|Any CPU
		{70624AF1-A5B0-43A2-896C-42CDCAF11F00}.Debug|x86.Build.0 = Debug|Any CPU
		{70624AF1-A5B0-43A2-896C-42CDCAF11F00}.Release|Any CPU.ActiveCfg = Release|Any CPU
		{70624AF1-A5B0-43A2-896C-42CDCAF11F00}.Release|Any CPU.Build.0 = Release|Any CPU
		{70624AF1-A5B0-43A2-896C-42CDCAF11F00}.Release|x64.ActiveCfg = Release|Any CPU
		{70624AF1-A5B0-43A2-896C-42CDCAF11F00}.Release|x64.Build.0 = Release|Any CPU
		{70624AF1-A5B0-43A2-896C-42CDCAF11F00}.Release|x86.ActiveCfg = Release|Any CPU
		{70624AF1-A5B0-43A2-896C-42CDCAF11F00}.Release|x86.Build.0 = Release|Any CPU
		{1C6E4C7C-7D52-433C-B424-C27B630EBB55}.Debug|Any CPU.ActiveCfg = Debug|Any CPU
		{1C6E4C7C-7D52-433C-B424-C27B630EBB55}.Debug|Any CPU.Build.0 = Debug|Any CPU
		{1C6E4C7C-7D52-433C-B424-C27B630EBB55}.Debug|x64.ActiveCfg = Debug|Any CPU
		{1C6E4C7C-7D52-433C-B424-C27B630EBB55}.Debug|x64.Build.0 = Debug|Any CPU
		{1C6E4C7C-7D52-433C-B424-C27B630EBB55}.Debug|x86.ActiveCfg = Debug|Any CPU
		{1C6E4C7C-7D52-433C-B424-C27B630EBB55}.Debug|x86.Build.0 = Debug|Any CPU
		{1C6E4C7C-7D52-433C-B424-C27B630EBB55}.Release|Any CPU.ActiveCfg = Release|Any CPU
		{1C6E4C7C-7D52-433C-B424-C27B630EBB55}.Release|Any CPU.Build.0 = Release|Any CPU
		{1C6E4C7C-7D52-433C-B424-C27B630EBB55}.Release|x64.ActiveCfg = Release|Any CPU
		{1C6E4C7C-7D52-433C-B424-C27B630EBB55}.Release|x64.Build.0 = Release|Any CPU
		{1C6E4C7C-7D52-433C-B424-C27B630EBB55}.Release|x86.ActiveCfg = Release|Any CPU
		{1C6E4C7C-7D52-433C-B424-C27B630EBB55}.Release|x86.Build.0 = Release|Any CPU
		{B9A7154D-6172-4C36-B4C5-D58BF03C8A51}.Debug|Any CPU.ActiveCfg = Debug|Any CPU
		{B9A7154D-6172-4C36-B4C5-D58BF03C8A51}.Debug|Any CPU.Build.0 = Debug|Any CPU
		{B9A7154D-6172-4C36-B4C5-D58BF03C8A51}.Debug|x64.ActiveCfg = Debug|Any CPU
		{B9A7154D-6172-4C36-B4C5-D58BF03C8A51}.Debug|x64.Build.0 = Debug|Any CPU
		{B9A7154D-6172-4C36-B4C5-D58BF03C8A51}.Debug|x86.ActiveCfg = Debug|Any CPU
		{B9A7154D-6172-4C36-B4C5-D58BF03C8A51}.Debug|x86.Build.0 = Debug|Any CPU
		{B9A7154D-6172-4C36-B4C5-D58BF03C8A51}.Release|Any CPU.ActiveCfg = Release|Any CPU
		{B9A7154D-6172-4C36-B4C5-D58BF03C8A51}.Release|Any CPU.Build.0 = Release|Any CPU
		{B9A7154D-6172-4C36-B4C5-D58BF03C8A51}.Release|x64.ActiveCfg = Release|Any CPU
		{B9A7154D-6172-4C36-B4C5-D58BF03C8A51}.Release|x64.Build.0 = Release|Any CPU
		{B9A7154D-6172-4C36-B4C5-D58BF03C8A51}.Release|x86.ActiveCfg = Release|Any CPU
		{B9A7154D-6172-4C36-B4C5-D58BF03C8A51}.Release|x86.Build.0 = Release|Any CPU
		{87E9FC9E-C969-4922-8222-D3D05A9D0A41}.Debug|Any CPU.ActiveCfg = Debug|Any CPU
		{87E9FC9E-C969-4922-8222-D3D05A9D0A41}.Debug|Any CPU.Build.0 = Debug|Any CPU
		{87E9FC9E-C969-4922-8222-D3D05A9D0A41}.Debug|x64.ActiveCfg = Debug|Any CPU
		{87E9FC9E-C969-4922-8222-D3D05A9D0A41}.Debug|x64.Build.0 = Debug|Any CPU
		{87E9FC9E-C969-4922-8222-D3D05A9D0A41}.Debug|x86.ActiveCfg = Debug|Any CPU
		{87E9FC9E-C969-4922-8222-D3D05A9D0A41}.Debug|x86.Build.0 = Debug|Any CPU
		{87E9FC9E-C969-4922-8222-D3D05A9D0A41}.Release|Any CPU.ActiveCfg = Release|Any CPU
		{87E9FC9E-C969-4922-8222-D3D05A9D0A41}.Release|Any CPU.Build.0 = Release|Any CPU
		{87E9FC9E-C969-4922-8222-D3D05A9D0A41}.Release|x64.ActiveCfg = Release|Any CPU
		{87E9FC9E-C969-4922-8222-D3D05A9D0A41}.Release|x64.Build.0 = Release|Any CPU
		{87E9FC9E-C969-4922-8222-D3D05A9D0A41}.Release|x86.ActiveCfg = Release|Any CPU
		{87E9FC9E-C969-4922-8222-D3D05A9D0A41}.Release|x86.Build.0 = Release|Any CPU
		{368E3361-92C5-4937-B3E0-BA8E5F315E44}.Debug|Any CPU.ActiveCfg = Debug|Any CPU
		{368E3361-92C5-4937-B3E0-BA8E5F315E44}.Debug|Any CPU.Build.0 = Debug|Any CPU
		{368E3361-92C5-4937-B3E0-BA8E5F315E44}.Debug|x64.ActiveCfg = Debug|Any CPU
		{368E3361-92C5-4937-B3E0-BA8E5F315E44}.Debug|x64.Build.0 = Debug|Any CPU
		{368E3361-92C5-4937-B3E0-BA8E5F315E44}.Debug|x86.ActiveCfg = Debug|Any CPU
		{368E3361-92C5-4937-B3E0-BA8E5F315E44}.Debug|x86.Build.0 = Debug|Any CPU
		{368E3361-92C5-4937-B3E0-BA8E5F315E44}.Release|Any CPU.ActiveCfg = Release|Any CPU
		{368E3361-92C5-4937-B3E0-BA8E5F315E44}.Release|Any CPU.Build.0 = Release|Any CPU
		{368E3361-92C5-4937-B3E0-BA8E5F315E44}.Release|x64.ActiveCfg = Release|Any CPU
		{368E3361-92C5-4937-B3E0-BA8E5F315E44}.Release|x64.Build.0 = Release|Any CPU
		{368E3361-92C5-4937-B3E0-BA8E5F315E44}.Release|x86.ActiveCfg = Release|Any CPU
		{368E3361-92C5-4937-B3E0-BA8E5F315E44}.Release|x86.Build.0 = Release|Any CPU
		{B588B32F-12E3-4760-BE19-077836C928BA}.Debug|Any CPU.ActiveCfg = Debug|Any CPU
		{B588B32F-12E3-4760-BE19-077836C928BA}.Debug|Any CPU.Build.0 = Debug|Any CPU
		{B588B32F-12E3-4760-BE19-077836C928BA}.Debug|x64.ActiveCfg = Debug|Any CPU
		{B588B32F-12E3-4760-BE19-077836C928BA}.Debug|x64.Build.0 = Debug|Any CPU
		{B588B32F-12E3-4760-BE19-077836C928BA}.Debug|x86.ActiveCfg = Debug|Any CPU
		{B588B32F-12E3-4760-BE19-077836C928BA}.Debug|x86.Build.0 = Debug|Any CPU
		{B588B32F-12E3-4760-BE19-077836C928BA}.Release|Any CPU.ActiveCfg = Release|Any CPU
		{B588B32F-12E3-4760-BE19-077836C928BA}.Release|Any CPU.Build.0 = Release|Any CPU
		{B588B32F-12E3-4760-BE19-077836C928BA}.Release|x64.ActiveCfg = Release|Any CPU
		{B588B32F-12E3-4760-BE19-077836C928BA}.Release|x64.Build.0 = Release|Any CPU
		{B588B32F-12E3-4760-BE19-077836C928BA}.Release|x86.ActiveCfg = Release|Any CPU
		{B588B32F-12E3-4760-BE19-077836C928BA}.Release|x86.Build.0 = Release|Any CPU
		{72E591D6-8F83-4D8C-8F67-9C325E623234}.Debug|Any CPU.ActiveCfg = Debug|Any CPU
		{72E591D6-8F83-4D8C-8F67-9C325E623234}.Debug|Any CPU.Build.0 = Debug|Any CPU
		{72E591D6-8F83-4D8C-8F67-9C325E623234}.Debug|x64.ActiveCfg = Debug|Any CPU
		{72E591D6-8F83-4D8C-8F67-9C325E623234}.Debug|x64.Build.0 = Debug|Any CPU
		{72E591D6-8F83-4D8C-8F67-9C325E623234}.Debug|x86.ActiveCfg = Debug|Any CPU
		{72E591D6-8F83-4D8C-8F67-9C325E623234}.Debug|x86.Build.0 = Debug|Any CPU
		{72E591D6-8F83-4D8C-8F67-9C325E623234}.Release|Any CPU.ActiveCfg = Release|Any CPU
		{72E591D6-8F83-4D8C-8F67-9C325E623234}.Release|Any CPU.Build.0 = Release|Any CPU
		{72E591D6-8F83-4D8C-8F67-9C325E623234}.Release|x64.ActiveCfg = Release|Any CPU
		{72E591D6-8F83-4D8C-8F67-9C325E623234}.Release|x64.Build.0 = Release|Any CPU
		{72E591D6-8F83-4D8C-8F67-9C325E623234}.Release|x86.ActiveCfg = Release|Any CPU
		{72E591D6-8F83-4D8C-8F67-9C325E623234}.Release|x86.Build.0 = Release|Any CPU
	EndGlobalSection
	GlobalSection(SolutionProperties) = preSolution
		HideSolutionNode = FALSE
	EndGlobalSection
	GlobalSection(NestedProjects) = preSolution
		{B9A7154D-6172-4C36-B4C5-D58BF03C8A51} = {7922E4F5-F899-436A-BF12-11CDC8F89444}
		{87E9FC9E-C969-4922-8222-D3D05A9D0A41} = {7922E4F5-F899-436A-BF12-11CDC8F89444}
		{368E3361-92C5-4937-B3E0-BA8E5F315E44} = {7922E4F5-F899-436A-BF12-11CDC8F89444}
		{B588B32F-12E3-4760-BE19-077836C928BA} = {7922E4F5-F899-436A-BF12-11CDC8F89444}
		{72E591D6-8F83-4D8C-8F67-9C325E623234} = {7922E4F5-F899-436A-BF12-11CDC8F89444}
	EndGlobalSection
	GlobalSection(ExtensibilityGlobals) = postSolution
		SolutionGuid = {F2E2C911-ACB1-4C1E-967F-CE0D0DAC0C0F}
	EndGlobalSection
EndGlobal
