
Microsoft Visual Studio Solution File, Format Version 12.00
# Visual Studio Version 16
VisualStudioVersion = 16.0.30413.136
MinimumVisualStudioVersion = 15.0.26124.0
Project("{9A19103F-16F7-4668-BE54-9A1E7A4F7556}") = "Ei.Core", "Ei.Core\Ei.Core.csproj", "{B656DCF1-AA9D-4E49-9355-B426920A6607}"
EndProject
Project("{9A19103F-16F7-4668-BE54-9A1E7A4F7556}") = "Ei.Logs", "Ei.Logs\Ei.Logs.csproj", "{70624AF1-A5B0-43A2-896C-42CDCAF11F00}"
EndProject
Project("{9A19103F-16F7-4668-BE54-9A1E7A4F7556}") = "Ei.Tests", "Ei.Tests\Ei.Tests.csproj", "{C1515195-61A3-4F49-81B3-E0ABB0F9D650}"
EndProject
Project("{9A19103F-16F7-4668-BE54-9A1E7A4F7556}") = "Ei.Persistence", "Ei.Persistence\Ei.Persistence.csproj", "{1C6E4C7C-7D52-433C-B424-C27B630EBB55}"
EndProject
Project("{9A19103F-16F7-4668-BE54-9A1E7A4F7556}") = "Ei.Compilation", "Ei.Compilation\Ei.Compilation.csproj", "{70A326AE-3EDB-44B1-88D6-24879ABE8A4C}"
EndProject
Project("{9A19103F-16F7-4668-BE54-9A1E7A4F7556}") = "Ei.Server", "Ei.Server\Ei.Server.csproj", "{88DD6BCC-AD7C-4477-9E8D-D2868DA46E9F}"
EndProject
Project("{2150E333-8FDC-42A3-9474-1A3956D46DE8}") = "websocket-manager", "websocket-manager", "{F53602AF-9A90-479C-9C8B-B57CB5B17632}"
EndProject
Project("{2150E333-8FDC-42A3-9474-1A3956D46DE8}") = "src", "src", "{E4E52292-3F7A-41B5-B902-8EFCA6AA9398}"
EndProject
Project("{9A19103F-16F7-4668-BE54-9A1E7A4F7556}") = "WebSocketManager", "websocket-manager\src\WebSocketManager\WebSocketManager.csproj", "{D27A86E5-58A9-42EE-80B8-4774F9DE1B88}"
EndProject
Project("{9A19103F-16F7-4668-BE54-9A1E7A4F7556}") = "WebSocketManager.Common", "websocket-manager\src\WebSocketManager.Common\WebSocketManager.Common.csproj", "{1B62397C-4C81-4FFB-8A97-419731F171B2}"
EndProject
Project("{9A19103F-16F7-4668-BE54-9A1E7A4F7556}") = "Ei.Integration.Unity", "Simulator.Net\Ei.Unity\Ei.Integration.Unity.csproj", "{C657746A-DDBE-47C5-B9EE-84F9B66B0D9B}"
EndProject
Project("{9A19103F-16F7-4668-BE54-9A1E7A4F7556}") = "Ei.Simulation", "Simulator.Net\Ei.Agents\Ei.Simulation.csproj", "{8123E10C-FFAE-4E2C-A697-FB5422C22AD0}"
EndProject
Global
	GlobalSection(SolutionConfigurationPlatforms) = preSolution
		Debug|Any CPU = Debug|Any CPU
		Debug|x64 = Debug|x64
		Debug|x86 = Debug|x86
		Release|Any CPU = Release|Any CPU
		Release|x64 = Release|x64
		Release|x86 = Release|x86
	EndGlobalSection
	GlobalSection(ProjectConfigurationPlatforms) = postSolution
		{B656DCF1-AA9D-4E49-9355-B426920A6607}.Debug|Any CPU.ActiveCfg = Debug|Any CPU
		{B656DCF1-AA9D-4E49-9355-B426920A6607}.Debug|Any CPU.Build.0 = Debug|Any CPU
		{B656DCF1-AA9D-4E49-9355-B426920A6607}.Debug|x64.ActiveCfg = Debug|Any CPU
		{B656DCF1-AA9D-4E49-9355-B426920A6607}.Debug|x64.Build.0 = Debug|Any CPU
		{B656DCF1-AA9D-4E49-9355-B426920A6607}.Debug|x86.ActiveCfg = Debug|Any CPU
		{B656DCF1-AA9D-4E49-9355-B426920A6607}.Debug|x86.Build.0 = Debug|Any CPU
		{B656DCF1-AA9D-4E49-9355-B426920A6607}.Release|Any CPU.ActiveCfg = Release|Any CPU
		{B656DCF1-AA9D-4E49-9355-B426920A6607}.Release|Any CPU.Build.0 = Release|Any CPU
		{B656DCF1-AA9D-4E49-9355-B426920A6607}.Release|x64.ActiveCfg = Release|Any CPU
		{B656DCF1-AA9D-4E49-9355-B426920A6607}.Release|x64.Build.0 = Release|Any CPU
		{B656DCF1-AA9D-4E49-9355-B426920A6607}.Release|x86.ActiveCfg = Release|Any CPU
		{B656DCF1-AA9D-4E49-9355-B426920A6607}.Release|x86.Build.0 = Release|Any CPU
		{70624AF1-A5B0-43A2-896C-42CDCAF11F00}.Debug|Any CPU.ActiveCfg = Debug|Any CPU
		{70624AF1-A5B0-43A2-896C-42CDCAF11F00}.Debug|Any CPU.Build.0 = Debug|Any CPU
		{70624AF1-A5B0-43A2-896C-42CDCAF11F00}.Debug|x64.ActiveCfg = Debug|Any CPU
		{70624AF1-A5B0-43A2-896C-42CDCAF11F00}.Debug|x64.Build.0 = Debug|Any CPU
		{70624AF1-A5B0-43A2-896C-42CDCAF11F00}.Debug|x86.ActiveCfg = Debug|Any CPU
		{70624AF1-A5B0-43A2-896C-42CDCAF11F00}.Debug|x86.Build.0 = Debug|Any CPU
		{70624AF1-A5B0-43A2-896C-42CDCAF11F00}.Release|Any CPU.ActiveCfg = Release|Any CPU
		{70624AF1-A5B0-43A2-896C-42CDCAF11F00}.Release|Any CPU.Build.0 = Release|Any CPU
		{70624AF1-A5B0-43A2-896C-42CDCAF11F00}.Release|x64.ActiveCfg = Release|Any CPU
		{70624AF1-A5B0-43A2-896C-42CDCAF11F00}.Release|x64.Build.0 = Release|Any CPU
		{70624AF1-A5B0-43A2-896C-42CDCAF11F00}.Release|x86.ActiveCfg = Release|Any CPU
		{70624AF1-A5B0-43A2-896C-42CDCAF11F00}.Release|x86.Build.0 = Release|Any CPU
		{C1515195-61A3-4F49-81B3-E0ABB0F9D650}.Debug|Any CPU.ActiveCfg = Debug|Any CPU
		{C1515195-61A3-4F49-81B3-E0ABB0F9D650}.Debug|Any CPU.Build.0 = Debug|Any CPU
		{C1515195-61A3-4F49-81B3-E0ABB0F9D650}.Debug|x64.ActiveCfg = Debug|Any CPU
		{C1515195-61A3-4F49-81B3-E0ABB0F9D650}.Debug|x64.Build.0 = Debug|Any CPU
		{C1515195-61A3-4F49-81B3-E0ABB0F9D650}.Debug|x86.ActiveCfg = Debug|Any CPU
		{C1515195-61A3-4F49-81B3-E0ABB0F9D650}.Debug|x86.Build.0 = Debug|Any CPU
		{C1515195-61A3-4F49-81B3-E0ABB0F9D650}.Release|Any CPU.ActiveCfg = Release|Any CPU
		{C1515195-61A3-4F49-81B3-E0ABB0F9D650}.Release|Any CPU.Build.0 = Release|Any CPU
		{C1515195-61A3-4F49-81B3-E0ABB0F9D650}.Release|x64.ActiveCfg = Release|Any CPU
		{C1515195-61A3-4F49-81B3-E0ABB0F9D650}.Release|x64.Build.0 = Release|Any CPU
		{C1515195-61A3-4F49-81B3-E0ABB0F9D650}.Release|x86.ActiveCfg = Release|Any CPU
		{C1515195-61A3-4F49-81B3-E0ABB0F9D650}.Release|x86.Build.0 = Release|Any CPU
		{1C6E4C7C-7D52-433C-B424-C27B630EBB55}.Debug|Any CPU.ActiveCfg = Debug|Any CPU
		{1C6E4C7C-7D52-433C-B424-C27B630EBB55}.Debug|Any CPU.Build.0 = Debug|Any CPU
		{1C6E4C7C-7D52-433C-B424-C27B630EBB55}.Debug|x64.ActiveCfg = Debug|Any CPU
		{1C6E4C7C-7D52-433C-B424-C27B630EBB55}.Debug|x64.Build.0 = Debug|Any CPU
		{1C6E4C7C-7D52-433C-B424-C27B630EBB55}.Debug|x86.ActiveCfg = Debug|Any CPU
		{1C6E4C7C-7D52-433C-B424-C27B630EBB55}.Debug|x86.Build.0 = Debug|Any CPU
		{1C6E4C7C-7D52-433C-B424-C27B630EBB55}.Release|Any CPU.ActiveCfg = Release|Any CPU
		{1C6E4C7C-7D52-433C-B424-C27B630EBB55}.Release|Any CPU.Build.0 = Release|Any CPU
		{1C6E4C7C-7D52-433C-B424-C27B630EBB55}.Release|x64.ActiveCfg = Release|Any CPU
		{1C6E4C7C-7D52-433C-B424-C27B630EBB55}.Release|x64.Build.0 = Release|Any CPU
		{1C6E4C7C-7D52-433C-B424-C27B630EBB55}.Release|x86.ActiveCfg = Release|Any CPU
		{1C6E4C7C-7D52-433C-B424-C27B630EBB55}.Release|x86.Build.0 = Release|Any CPU
		{70A326AE-3EDB-44B1-88D6-24879ABE8A4C}.Debug|Any CPU.ActiveCfg = Debug|Any CPU
		{70A326AE-3EDB-44B1-88D6-24879ABE8A4C}.Debug|Any CPU.Build.0 = Debug|Any CPU
		{70A326AE-3EDB-44B1-88D6-24879ABE8A4C}.Debug|x64.ActiveCfg = Debug|Any CPU
		{70A326AE-3EDB-44B1-88D6-24879ABE8A4C}.Debug|x64.Build.0 = Debug|Any CPU
		{70A326AE-3EDB-44B1-88D6-24879ABE8A4C}.Debug|x86.ActiveCfg = Debug|Any CPU
		{70A326AE-3EDB-44B1-88D6-24879ABE8A4C}.Debug|x86.Build.0 = Debug|Any CPU
		{70A326AE-3EDB-44B1-88D6-24879ABE8A4C}.Release|Any CPU.ActiveCfg = Release|Any CPU
		{70A326AE-3EDB-44B1-88D6-24879ABE8A4C}.Release|Any CPU.Build.0 = Release|Any CPU
		{70A326AE-3EDB-44B1-88D6-24879ABE8A4C}.Release|x64.ActiveCfg = Release|Any CPU
		{70A326AE-3EDB-44B1-88D6-24879ABE8A4C}.Release|x64.Build.0 = Release|Any CPU
		{70A326AE-3EDB-44B1-88D6-24879ABE8A4C}.Release|x86.ActiveCfg = Release|Any CPU
		{70A326AE-3EDB-44B1-88D6-24879ABE8A4C}.Release|x86.Build.0 = Release|Any CPU
		{88DD6BCC-AD7C-4477-9E8D-D2868DA46E9F}.Debug|Any CPU.ActiveCfg = Debug|Any CPU
		{88DD6BCC-AD7C-4477-9E8D-D2868DA46E9F}.Debug|Any CPU.Build.0 = Debug|Any CPU
		{88DD6BCC-AD7C-4477-9E8D-D2868DA46E9F}.Debug|x64.ActiveCfg = Debug|Any CPU
		{88DD6BCC-AD7C-4477-9E8D-D2868DA46E9F}.Debug|x64.Build.0 = Debug|Any CPU
		{88DD6BCC-AD7C-4477-9E8D-D2868DA46E9F}.Debug|x86.ActiveCfg = Debug|Any CPU
		{88DD6BCC-AD7C-4477-9E8D-D2868DA46E9F}.Debug|x86.Build.0 = Debug|Any CPU
		{88DD6BCC-AD7C-4477-9E8D-D2868DA46E9F}.Release|Any CPU.ActiveCfg = Release|Any CPU
		{88DD6BCC-AD7C-4477-9E8D-D2868DA46E9F}.Release|Any CPU.Build.0 = Release|Any CPU
		{88DD6BCC-AD7C-4477-9E8D-D2868DA46E9F}.Release|x64.ActiveCfg = Release|Any CPU
		{88DD6BCC-AD7C-4477-9E8D-D2868DA46E9F}.Release|x64.Build.0 = Release|Any CPU
		{88DD6BCC-AD7C-4477-9E8D-D2868DA46E9F}.Release|x86.ActiveCfg = Release|Any CPU
		{88DD6BCC-AD7C-4477-9E8D-D2868DA46E9F}.Release|x86.Build.0 = Release|Any CPU
		{D27A86E5-58A9-42EE-80B8-4774F9DE1B88}.Debug|Any CPU.ActiveCfg = Debug|Any CPU
		{D27A86E5-58A9-42EE-80B8-4774F9DE1B88}.Debug|Any CPU.Build.0 = Debug|Any CPU
		{D27A86E5-58A9-42EE-80B8-4774F9DE1B88}.Debug|x64.ActiveCfg = Debug|Any CPU
		{D27A86E5-58A9-42EE-80B8-4774F9DE1B88}.Debug|x64.Build.0 = Debug|Any CPU
		{D27A86E5-58A9-42EE-80B8-4774F9DE1B88}.Debug|x86.ActiveCfg = Debug|Any CPU
		{D27A86E5-58A9-42EE-80B8-4774F9DE1B88}.Debug|x86.Build.0 = Debug|Any CPU
		{D27A86E5-58A9-42EE-80B8-4774F9DE1B88}.Release|Any CPU.ActiveCfg = Release|Any CPU
		{D27A86E5-58A9-42EE-80B8-4774F9DE1B88}.Release|Any CPU.Build.0 = Release|Any CPU
		{D27A86E5-58A9-42EE-80B8-4774F9DE1B88}.Release|x64.ActiveCfg = Release|Any CPU
		{D27A86E5-58A9-42EE-80B8-4774F9DE1B88}.Release|x64.Build.0 = Release|Any CPU
		{D27A86E5-58A9-42EE-80B8-4774F9DE1B88}.Release|x86.ActiveCfg = Release|Any CPU
		{D27A86E5-58A9-42EE-80B8-4774F9DE1B88}.Release|x86.Build.0 = Release|Any CPU
		{1B62397C-4C81-4FFB-8A97-419731F171B2}.Debug|Any CPU.ActiveCfg = Debug|Any CPU
		{1B62397C-4C81-4FFB-8A97-419731F171B2}.Debug|Any CPU.Build.0 = Debug|Any CPU
		{1B62397C-4C81-4FFB-8A97-419731F171B2}.Debug|x64.ActiveCfg = Debug|Any CPU
		{1B62397C-4C81-4FFB-8A97-419731F171B2}.Debug|x64.Build.0 = Debug|Any CPU
		{1B62397C-4C81-4FFB-8A97-419731F171B2}.Debug|x86.ActiveCfg = Debug|Any CPU
		{1B62397C-4C81-4FFB-8A97-419731F171B2}.Debug|x86.Build.0 = Debug|Any CPU
		{1B62397C-4C81-4FFB-8A97-419731F171B2}.Release|Any CPU.ActiveCfg = Release|Any CPU
		{1B62397C-4C81-4FFB-8A97-419731F171B2}.Release|Any CPU.Build.0 = Release|Any CPU
		{1B62397C-4C81-4FFB-8A97-419731F171B2}.Release|x64.ActiveCfg = Release|Any CPU
		{1B62397C-4C81-4FFB-8A97-419731F171B2}.Release|x64.Build.0 = Release|Any CPU
		{1B62397C-4C81-4FFB-8A97-419731F171B2}.Release|x86.ActiveCfg = Release|Any CPU
		{1B62397C-4C81-4FFB-8A97-419731F171B2}.Release|x86.Build.0 = Release|Any CPU
		{C657746A-DDBE-47C5-B9EE-84F9B66B0D9B}.Debug|Any CPU.ActiveCfg = Debug|Any CPU
		{C657746A-DDBE-47C5-B9EE-84F9B66B0D9B}.Debug|Any CPU.Build.0 = Debug|Any CPU
		{C657746A-DDBE-47C5-B9EE-84F9B66B0D9B}.Debug|x64.ActiveCfg = Debug|Any CPU
		{C657746A-DDBE-47C5-B9EE-84F9B66B0D9B}.Debug|x64.Build.0 = Debug|Any CPU
		{C657746A-DDBE-47C5-B9EE-84F9B66B0D9B}.Debug|x86.ActiveCfg = Debug|Any CPU
		{C657746A-DDBE-47C5-B9EE-84F9B66B0D9B}.Debug|x86.Build.0 = Debug|Any CPU
		{C657746A-DDBE-47C5-B9EE-84F9B66B0D9B}.Release|Any CPU.ActiveCfg = Release|Any CPU
		{C657746A-DDBE-47C5-B9EE-84F9B66B0D9B}.Release|Any CPU.Build.0 = Release|Any CPU
		{C657746A-DDBE-47C5-B9EE-84F9B66B0D9B}.Release|x64.ActiveCfg = Release|Any CPU
		{C657746A-DDBE-47C5-B9EE-84F9B66B0D9B}.Release|x64.Build.0 = Release|Any CPU
		{C657746A-DDBE-47C5-B9EE-84F9B66B0D9B}.Release|x86.ActiveCfg = Release|Any CPU
		{C657746A-DDBE-47C5-B9EE-84F9B66B0D9B}.Release|x86.Build.0 = Release|Any CPU
		{8123E10C-FFAE-4E2C-A697-FB5422C22AD0}.Debug|Any CPU.ActiveCfg = Debug|Any CPU
		{8123E10C-FFAE-4E2C-A697-FB5422C22AD0}.Debug|Any CPU.Build.0 = Debug|Any CPU
		{8123E10C-FFAE-4E2C-A697-FB5422C22AD0}.Debug|x64.ActiveCfg = Debug|Any CPU
		{8123E10C-FFAE-4E2C-A697-FB5422C22AD0}.Debug|x64.Build.0 = Debug|Any CPU
		{8123E10C-FFAE-4E2C-A697-FB5422C22AD0}.Debug|x86.ActiveCfg = Debug|Any CPU
		{8123E10C-FFAE-4E2C-A697-FB5422C22AD0}.Debug|x86.Build.0 = Debug|Any CPU
		{8123E10C-FFAE-4E2C-A697-FB5422C22AD0}.Release|Any CPU.ActiveCfg = Release|Any CPU
		{8123E10C-FFAE-4E2C-A697-FB5422C22AD0}.Release|Any CPU.Build.0 = Release|Any CPU
		{8123E10C-FFAE-4E2C-A697-FB5422C22AD0}.Release|x64.ActiveCfg = Release|Any CPU
		{8123E10C-FFAE-4E2C-A697-FB5422C22AD0}.Release|x64.Build.0 = Release|Any CPU
		{8123E10C-FFAE-4E2C-A697-FB5422C22AD0}.Release|x86.ActiveCfg = Release|Any CPU
		{8123E10C-FFAE-4E2C-A697-FB5422C22AD0}.Release|x86.Build.0 = Release|Any CPU
	EndGlobalSection
	GlobalSection(SolutionProperties) = preSolution
		HideSolutionNode = FALSE
	EndGlobalSection
	GlobalSection(NestedProjects) = preSolution
		{E4E52292-3F7A-41B5-B902-8EFCA6AA9398} = {F53602AF-9A90-479C-9C8B-B57CB5B17632}
		{D27A86E5-58A9-42EE-80B8-4774F9DE1B88} = {E4E52292-3F7A-41B5-B902-8EFCA6AA9398}
		{1B62397C-4C81-4FFB-8A97-419731F171B2} = {E4E52292-3F7A-41B5-B902-8EFCA6AA9398}
	EndGlobalSection
	GlobalSection(ExtensibilityGlobals) = postSolution
		SolutionGuid = {F2E2C911-ACB1-4C1E-967F-CE0D0DAC0C0F}
	EndGlobalSection
EndGlobal
