
Microsoft Visual Studio Solution File, Format Version 12.00
# Visual Studio 14
VisualStudioVersion = 14.0.25420.1
MinimumVisualStudioVersion = 10.0.40219.1
Project("{FAE04EC0-301F-11D3-BF4B-00C04F79EFBC}") = "Ei", "Ei\Ei.csproj", "{88C4005F-BC1B-4886-8CD2-4F582B57A786}"
EndProject
Project("{FAE04EC0-301F-11D3-BF4B-00C04F79EFBC}") = "Ei.Data.Yaml", "Ei.Data.Yaml\Ei.Data.Yaml.csproj", "{FD45CCFA-36B5-46E5-B9ED-ADDC9D4DA523}"
EndProject
Project("{2150E333-8FDC-42A3-9474-1A3956D46DE8}") = "Tests", "Tests", "{DC7E7AF8-47EA-4162-ACAD-739792B57C00}"
EndProject
Project("{2150E333-8FDC-42A3-9474-1A3956D46DE8}") = "Simulator", "Simulator", "{7FFBA1B7-1982-4646-8130-2D8E07DDE018}"
EndProject
Project("{FAE04EC0-301F-11D3-BF4B-00C04F79EFBC}") = "Ei.Simulator", "Ei.Simulator\Ei.Simulator.csproj", "{06F7B960-1EB7-42F9-AD2D-260B3F17E746}"
EndProject
Project("{FAE04EC0-301F-11D3-BF4B-00C04F79EFBC}") = "Ei.Simulator.Core", "Ei.Simulator.Core\Ei.Simulator.Core.csproj", "{08E3A510-FDEE-440A-8F51-F10BAD5269F3}"
EndProject
Project("{FAE04EC0-301F-11D3-BF4B-00C04F79EFBC}") = "Ei.Log", "Ei.Logs\Ei.Log.csproj", "{87E9FC9E-C969-4922-8222-D3D05A9D0A41}"
EndProject
Project("{FAE04EC0-301F-11D3-BF4B-00C04F79EFBC}") = "Ei.Agents.Core", "Ei.Agents.Core\Ei.Agents.Core.csproj", "{8E07BAF6-DC43-4382-9DF0-DEF85E94A0DC}"
EndProject
Project("{FAE04EC0-301F-11D3-BF4B-00C04F79EFBC}") = "Vittoria", "Vittoria\Vittoria.csproj", "{B588B32F-12E3-4760-BE19-077836C928BA}"
EndProject
Project("{FAE04EC0-301F-11D3-BF4B-00C04F79EFBC}") = "Ei.Agents.Sims", "Ei.Agents.Sims\Ei.Agents.Sims.csproj", "{0B7414A4-2B8D-4478-B096-961314E0CFA3}"
EndProject
Project("{FAE04EC0-301F-11D3-BF4B-00C04F79EFBC}") = "Ei.Unity", "Ei.Unity\Ei.Unity.csproj", "{CCE0BF98-58EC-4676-9149-1C47862475E6}"
EndProject
Project("{FAE04EC0-301F-11D3-BF4B-00C04F79EFBC}") = "Xceed.Wpf.Toolkit", "Xceed.Wpf.Toolkit\Xceed.Wpf.Toolkit.csproj", "{72E591D6-8F83-4D8C-8F67-9C325E623234}"
EndProject
Project("{FAE04EC0-301F-11D3-BF4B-00C04F79EFBC}") = "Ei.Agents.Planning", "Ei.Agents.Planning\Ei.Agents.Planning.csproj", "{1F07D478-E832-48E9-903B-BDC614D91B20}"
EndProject
Project("{FAE04EC0-301F-11D3-BF4B-00C04F79EFBC}") = "YamlDotNet", "YamlDotNet\YamlDotNet.csproj", "{B1FB7BF6-4066-4D2B-88C8-DE9F7F4DB3B0}"
EndProject
Project("{FAE04EC0-301F-11D3-BF4B-00C04F79EFBC}") = "Ei.Tests", "Ei.Tests\Ei.Tests.csproj", "{940D06D4-E518-4B7D-B13A-6FF9AD205143}"
EndProject
Project("{2150E333-8FDC-42A3-9474-1A3956D46DE8}") = "Institutions", "Institutions", "{43E4C620-2736-4316-8404-D0B873A36D5E}"
EndProject
Project("{FAE04EC0-301F-11D3-BF4B-00C04F79EFBC}") = "Ei.Uruk", "Ei.Uruk\Ei.Uruk.csproj", "{0E8F43EE-7602-4214-956A-026E268F77A0}"
EndProject
Project("{FAE04EC0-301F-11D3-BF4B-00C04F79EFBC}") = "Ei.Persistence", "Ei.Persistence\Ei.Persistence.csproj", "{50F9EEFE-90EC-4436-92B0-9BF579DDF588}"
EndProject
Project("{2150E333-8FDC-42A3-9474-1A3956D46DE8}") = "Serialisation", "Serialisation", "{21055C05-293B-4D3A-A49F-C3D30E0A99EA}"
EndProject
Project("{FAE04EC0-301F-11D3-BF4B-00C04F79EFBC}") = "Ei.Tests.Bdd", "Ei.Tests.Bdd\Ei.Tests.Bdd.csproj", "{686D6944-1537-4FF3-A4CB-EAAED4F8BB9A}"
EndProject
Global
	GlobalSection(SolutionConfigurationPlatforms) = preSolution
		Debug|Any CPU = Debug|Any CPU
		Release|Any CPU = Release|Any CPU
	EndGlobalSection
	GlobalSection(ProjectConfigurationPlatforms) = postSolution
		{88C4005F-BC1B-4886-8CD2-4F582B57A786}.Debug|Any CPU.ActiveCfg = Debug|Any CPU
		{88C4005F-BC1B-4886-8CD2-4F582B57A786}.Debug|Any CPU.Build.0 = Debug|Any CPU
		{88C4005F-BC1B-4886-8CD2-4F582B57A786}.Release|Any CPU.ActiveCfg = Release|Any CPU
		{88C4005F-BC1B-4886-8CD2-4F582B57A786}.Release|Any CPU.Build.0 = Release|Any CPU
		{FD45CCFA-36B5-46E5-B9ED-ADDC9D4DA523}.Debug|Any CPU.ActiveCfg = Debug|Any CPU
		{FD45CCFA-36B5-46E5-B9ED-ADDC9D4DA523}.Debug|Any CPU.Build.0 = Debug|Any CPU
		{FD45CCFA-36B5-46E5-B9ED-ADDC9D4DA523}.Release|Any CPU.ActiveCfg = Release|Any CPU
		{FD45CCFA-36B5-46E5-B9ED-ADDC9D4DA523}.Release|Any CPU.Build.0 = Release|Any CPU
		{06F7B960-1EB7-42F9-AD2D-260B3F17E746}.Debug|Any CPU.ActiveCfg = Debug|Any CPU
		{06F7B960-1EB7-42F9-AD2D-260B3F17E746}.Debug|Any CPU.Build.0 = Debug|Any CPU
		{06F7B960-1EB7-42F9-AD2D-260B3F17E746}.Release|Any CPU.ActiveCfg = Release|Any CPU
		{06F7B960-1EB7-42F9-AD2D-260B3F17E746}.Release|Any CPU.Build.0 = Release|Any CPU
		{08E3A510-FDEE-440A-8F51-F10BAD5269F3}.Debug|Any CPU.ActiveCfg = Debug|Any CPU
		{08E3A510-FDEE-440A-8F51-F10BAD5269F3}.Debug|Any CPU.Build.0 = Debug|Any CPU
		{08E3A510-FDEE-440A-8F51-F10BAD5269F3}.Release|Any CPU.ActiveCfg = Release|Any CPU
		{08E3A510-FDEE-440A-8F51-F10BAD5269F3}.Release|Any CPU.Build.0 = Release|Any CPU
		{87E9FC9E-C969-4922-8222-D3D05A9D0A41}.Debug|Any CPU.ActiveCfg = Debug|Any CPU
		{87E9FC9E-C969-4922-8222-D3D05A9D0A41}.Debug|Any CPU.Build.0 = Debug|Any CPU
		{87E9FC9E-C969-4922-8222-D3D05A9D0A41}.Release|Any CPU.ActiveCfg = Release|Any CPU
		{87E9FC9E-C969-4922-8222-D3D05A9D0A41}.Release|Any CPU.Build.0 = Release|Any CPU
		{8E07BAF6-DC43-4382-9DF0-DEF85E94A0DC}.Debug|Any CPU.ActiveCfg = Debug|Any CPU
		{8E07BAF6-DC43-4382-9DF0-DEF85E94A0DC}.Debug|Any CPU.Build.0 = Debug|Any CPU
		{8E07BAF6-DC43-4382-9DF0-DEF85E94A0DC}.Release|Any CPU.ActiveCfg = Release|Any CPU
		{8E07BAF6-DC43-4382-9DF0-DEF85E94A0DC}.Release|Any CPU.Build.0 = Release|Any CPU
		{B588B32F-12E3-4760-BE19-077836C928BA}.Debug|Any CPU.ActiveCfg = Debug|Any CPU
		{B588B32F-12E3-4760-BE19-077836C928BA}.Debug|Any CPU.Build.0 = Debug|Any CPU
		{B588B32F-12E3-4760-BE19-077836C928BA}.Release|Any CPU.ActiveCfg = Release|Any CPU
		{B588B32F-12E3-4760-BE19-077836C928BA}.Release|Any CPU.Build.0 = Release|Any CPU
		{0B7414A4-2B8D-4478-B096-961314E0CFA3}.Debug|Any CPU.ActiveCfg = Debug|Any CPU
		{0B7414A4-2B8D-4478-B096-961314E0CFA3}.Debug|Any CPU.Build.0 = Debug|Any CPU
		{0B7414A4-2B8D-4478-B096-961314E0CFA3}.Release|Any CPU.ActiveCfg = Release|Any CPU
		{0B7414A4-2B8D-4478-B096-961314E0CFA3}.Release|Any CPU.Build.0 = Release|Any CPU
		{CCE0BF98-58EC-4676-9149-1C47862475E6}.Debug|Any CPU.ActiveCfg = Debug|Any CPU
		{CCE0BF98-58EC-4676-9149-1C47862475E6}.Debug|Any CPU.Build.0 = Debug|Any CPU
		{CCE0BF98-58EC-4676-9149-1C47862475E6}.Release|Any CPU.ActiveCfg = Release|Any CPU
		{CCE0BF98-58EC-4676-9149-1C47862475E6}.Release|Any CPU.Build.0 = Release|Any CPU
		{72E591D6-8F83-4D8C-8F67-9C325E623234}.Debug|Any CPU.ActiveCfg = Debug|Any CPU
		{72E591D6-8F83-4D8C-8F67-9C325E623234}.Debug|Any CPU.Build.0 = Debug|Any CPU
		{72E591D6-8F83-4D8C-8F67-9C325E623234}.Release|Any CPU.ActiveCfg = Release|Any CPU
		{72E591D6-8F83-4D8C-8F67-9C325E623234}.Release|Any CPU.Build.0 = Release|Any CPU
		{1F07D478-E832-48E9-903B-BDC614D91B20}.Debug|Any CPU.ActiveCfg = Debug|Any CPU
		{1F07D478-E832-48E9-903B-BDC614D91B20}.Debug|Any CPU.Build.0 = Debug|Any CPU
		{1F07D478-E832-48E9-903B-BDC614D91B20}.Release|Any CPU.ActiveCfg = Release|Any CPU
		{1F07D478-E832-48E9-903B-BDC614D91B20}.Release|Any CPU.Build.0 = Release|Any CPU
		{B1FB7BF6-4066-4D2B-88C8-DE9F7F4DB3B0}.Debug|Any CPU.ActiveCfg = Debug|Any CPU
		{B1FB7BF6-4066-4D2B-88C8-DE9F7F4DB3B0}.Debug|Any CPU.Build.0 = Debug|Any CPU
		{B1FB7BF6-4066-4D2B-88C8-DE9F7F4DB3B0}.Release|Any CPU.ActiveCfg = Release|Any CPU
		{B1FB7BF6-4066-4D2B-88C8-DE9F7F4DB3B0}.Release|Any CPU.Build.0 = Release|Any CPU
		{940D06D4-E518-4B7D-B13A-6FF9AD205143}.Debug|Any CPU.ActiveCfg = Debug|Any CPU
		{940D06D4-E518-4B7D-B13A-6FF9AD205143}.Release|Any CPU.ActiveCfg = Release|Any CPU
		{940D06D4-E518-4B7D-B13A-6FF9AD205143}.Release|Any CPU.Build.0 = Release|Any CPU
		{0E8F43EE-7602-4214-956A-026E268F77A0}.Debug|Any CPU.ActiveCfg = Debug|Any CPU
		{0E8F43EE-7602-4214-956A-026E268F77A0}.Debug|Any CPU.Build.0 = Debug|Any CPU
		{0E8F43EE-7602-4214-956A-026E268F77A0}.Release|Any CPU.ActiveCfg = Release|Any CPU
		{0E8F43EE-7602-4214-956A-026E268F77A0}.Release|Any CPU.Build.0 = Release|Any CPU
		{50F9EEFE-90EC-4436-92B0-9BF579DDF588}.Debug|Any CPU.ActiveCfg = Debug|Any CPU
		{50F9EEFE-90EC-4436-92B0-9BF579DDF588}.Debug|Any CPU.Build.0 = Debug|Any CPU
		{50F9EEFE-90EC-4436-92B0-9BF579DDF588}.Release|Any CPU.ActiveCfg = Release|Any CPU
		{50F9EEFE-90EC-4436-92B0-9BF579DDF588}.Release|Any CPU.Build.0 = Release|Any CPU
		{686D6944-1537-4FF3-A4CB-EAAED4F8BB9A}.Debug|Any CPU.ActiveCfg = Debug|Any CPU
		{686D6944-1537-4FF3-A4CB-EAAED4F8BB9A}.Debug|Any CPU.Build.0 = Debug|Any CPU
		{686D6944-1537-4FF3-A4CB-EAAED4F8BB9A}.Release|Any CPU.ActiveCfg = Release|Any CPU
		{686D6944-1537-4FF3-A4CB-EAAED4F8BB9A}.Release|Any CPU.Build.0 = Release|Any CPU
	EndGlobalSection
	GlobalSection(SolutionProperties) = preSolution
		HideSolutionNode = FALSE
	EndGlobalSection
	GlobalSection(NestedProjects) = preSolution
		{FD45CCFA-36B5-46E5-B9ED-ADDC9D4DA523} = {21055C05-293B-4D3A-A49F-C3D30E0A99EA}
		{06F7B960-1EB7-42F9-AD2D-260B3F17E746} = {7FFBA1B7-1982-4646-8130-2D8E07DDE018}
		{08E3A510-FDEE-440A-8F51-F10BAD5269F3} = {7FFBA1B7-1982-4646-8130-2D8E07DDE018}
		{8E07BAF6-DC43-4382-9DF0-DEF85E94A0DC} = {7FFBA1B7-1982-4646-8130-2D8E07DDE018}
		{B588B32F-12E3-4760-BE19-077836C928BA} = {7FFBA1B7-1982-4646-8130-2D8E07DDE018}
		{0B7414A4-2B8D-4478-B096-961314E0CFA3} = {7FFBA1B7-1982-4646-8130-2D8E07DDE018}
		{CCE0BF98-58EC-4676-9149-1C47862475E6} = {7FFBA1B7-1982-4646-8130-2D8E07DDE018}
		{72E591D6-8F83-4D8C-8F67-9C325E623234} = {7FFBA1B7-1982-4646-8130-2D8E07DDE018}
		{1F07D478-E832-48E9-903B-BDC614D91B20} = {7FFBA1B7-1982-4646-8130-2D8E07DDE018}
		{B1FB7BF6-4066-4D2B-88C8-DE9F7F4DB3B0} = {21055C05-293B-4D3A-A49F-C3D30E0A99EA}
		{940D06D4-E518-4B7D-B13A-6FF9AD205143} = {DC7E7AF8-47EA-4162-ACAD-739792B57C00}
		{0E8F43EE-7602-4214-956A-026E268F77A0} = {43E4C620-2736-4316-8404-D0B873A36D5E}
		{50F9EEFE-90EC-4436-92B0-9BF579DDF588} = {21055C05-293B-4D3A-A49F-C3D30E0A99EA}
		{686D6944-1537-4FF3-A4CB-EAAED4F8BB9A} = {DC7E7AF8-47EA-4162-ACAD-739792B57C00}
	EndGlobalSection
EndGlobal
